
Microsoft Visual Studio Solution File, Format Version 12.00
# Visual Studio Version 17
VisualStudioVersion = 17.3.32819.101
MinimumVisualStudioVersion = 10.0.40219.1
Project("{FAE04EC0-301F-11D3-BF4B-00C04F79EFBC}") = "LabExam", "LabExam.csproj", "{4530BD1A-C3FD-4BA7-ADC5-CFC08F597704}"
EndProject
Global
	GlobalSection(SolutionConfigurationPlatforms) = preSolution
		Debug|Any CPU = Debug|Any CPU
		Release|Any CPU = Release|Any CPU
	EndGlobalSection
	GlobalSection(ProjectConfigurationPlatforms) = postSolution
		{4530BD1A-C3FD-4BA7-ADC5-CFC08F597704}.Debug|Any CPU.ActiveCfg = Debug|Any CPU
		{4530BD1A-C3FD-4BA7-ADC5-CFC08F597704}.Debug|Any CPU.Build.0 = Debug|Any CPU
		{4530BD1A-C3FD-4BA7-ADC5-CFC08F597704}.Release|Any CPU.ActiveCfg = Release|Any CPU
		{4530BD1A-C3FD-4BA7-ADC5-CFC08F597704}.Release|Any CPU.Build.0 = Release|Any CPU
	EndGlobalSection
	GlobalSection(SolutionProperties) = preSolution
		HideSolutionNode = FALSE
	EndGlobalSection
	GlobalSection(ExtensibilityGlobals) = postSolution
		SolutionGuid = {33F2D000-4493-4832-AFFC-B98F7E409F05}
	EndGlobalSection
EndGlobal
