
Microsoft Visual Studio Solution File, Format Version 12.00
# Visual Studio Version 17
VisualStudioVersion = 17.3.32901.215
MinimumVisualStudioVersion = 10.0.40219.1
Project("{FAE04EC0-301F-11D3-BF4B-00C04F79EFBC}") = "CeeSharpo", "CeeSharpo.csproj", "{BCA9A5C0-0B2D-427C-BB12-EFB6CE1EAFDA}"
EndProject
Global
	GlobalSection(SolutionConfigurationPlatforms) = preSolution
		Debug|Any CPU = Debug|Any CPU
		Release|Any CPU = Release|Any CPU
	EndGlobalSection
	GlobalSection(ProjectConfigurationPlatforms) = postSolution
		{BCA9A5C0-0B2D-427C-BB12-EFB6CE1EAFDA}.Debug|Any CPU.ActiveCfg = Debug|Any CPU
		{BCA9A5C0-0B2D-427C-BB12-EFB6CE1EAFDA}.Debug|Any CPU.Build.0 = Debug|Any CPU
		{BCA9A5C0-0B2D-427C-BB12-EFB6CE1EAFDA}.Release|Any CPU.ActiveCfg = Release|Any CPU
		{BCA9A5C0-0B2D-427C-BB12-EFB6CE1EAFDA}.Release|Any CPU.Build.0 = Release|Any CPU
	EndGlobalSection
	GlobalSection(SolutionProperties) = preSolution
		HideSolutionNode = FALSE
	EndGlobalSection
	GlobalSection(ExtensibilityGlobals) = postSolution
		SolutionGuid = {EA7FA157-DD60-4EDE-8E3B-ABC7F909744D}
	EndGlobalSection
EndGlobal
