
Microsoft Visual Studio Solution File, Format Version 12.00
# Visual Studio Version 17
VisualStudioVersion = 17.3.32811.315
MinimumVisualStudioVersion = 10.0.40219.1
Project("{FAE04EC0-301F-11D3-BF4B-00C04F79EFBC}") = "CeeSharpo", "CeeSharpo.csproj", "{A0CF0414-4601-42D4-81CE-77A899F148CE}"
EndProject
Global
	GlobalSection(SolutionConfigurationPlatforms) = preSolution
		Debug|Any CPU = Debug|Any CPU
		Release|Any CPU = Release|Any CPU
	EndGlobalSection
	GlobalSection(ProjectConfigurationPlatforms) = postSolution
		{A0CF0414-4601-42D4-81CE-77A899F148CE}.Debug|Any CPU.ActiveCfg = Debug|Any CPU
		{A0CF0414-4601-42D4-81CE-77A899F148CE}.Debug|Any CPU.Build.0 = Debug|Any CPU
		{A0CF0414-4601-42D4-81CE-77A899F148CE}.Release|Any CPU.ActiveCfg = Release|Any CPU
		{A0CF0414-4601-42D4-81CE-77A899F148CE}.Release|Any CPU.Build.0 = Release|Any CPU
	EndGlobalSection
	GlobalSection(SolutionProperties) = preSolution
		HideSolutionNode = FALSE
	EndGlobalSection
	GlobalSection(ExtensibilityGlobals) = postSolution
		SolutionGuid = {FCF4A9F1-0C32-4F88-8484-9EA672486A14}
	EndGlobalSection
EndGlobal
